
Microsoft Visual Studio Solution File, Format Version 12.00
# Visual Studio Version 17
VisualStudioVersion = 17.7.34024.191
MinimumVisualStudioVersion = 10.0.40219.1
Project("{FAE04EC0-301F-11D3-BF4B-00C04F79EFBC}") = "3.1", "3.1\3.1.csproj", "{41CF1AC6-0A91-49D1-811E-12050BC2E539}"
EndProject
Project("{FAE04EC0-301F-11D3-BF4B-00C04F79EFBC}") = "3.2", "3.2\3.2.csproj", "{989761D3-B760-46FB-B673-238706F5F1C6}"
EndProject
Project("{FAE04EC0-301F-11D3-BF4B-00C04F79EFBC}") = "3.3", "3.3\3.3.csproj", "{9717B773-9359-401E-B864-4E1B158DA057}"
EndProject
Project("{FAE04EC0-301F-11D3-BF4B-00C04F79EFBC}") = "3.4", "3.4\3.4.csproj", "{08AF78D4-4B50-4CFD-842A-CE9BFD4ECBB8}"
EndProject
Project("{FAE04EC0-301F-11D3-BF4B-00C04F79EFBC}") = "3.5", "3.5\3.5.csproj", "{C1D50BEA-C781-4D93-B62A-1AEE2BBC6294}"
EndProject
Global
	GlobalSection(SolutionConfigurationPlatforms) = preSolution
		Debug|Any CPU = Debug|Any CPU
		Release|Any CPU = Release|Any CPU
	EndGlobalSection
	GlobalSection(ProjectConfigurationPlatforms) = postSolution
		{41CF1AC6-0A91-49D1-811E-12050BC2E539}.Debug|Any CPU.ActiveCfg = Debug|Any CPU
		{41CF1AC6-0A91-49D1-811E-12050BC2E539}.Debug|Any CPU.Build.0 = Debug|Any CPU
		{41CF1AC6-0A91-49D1-811E-12050BC2E539}.Release|Any CPU.ActiveCfg = Release|Any CPU
		{41CF1AC6-0A91-49D1-811E-12050BC2E539}.Release|Any CPU.Build.0 = Release|Any CPU
		{989761D3-B760-46FB-B673-238706F5F1C6}.Debug|Any CPU.ActiveCfg = Debug|Any CPU
		{989761D3-B760-46FB-B673-238706F5F1C6}.Debug|Any CPU.Build.0 = Debug|Any CPU
		{989761D3-B760-46FB-B673-238706F5F1C6}.Release|Any CPU.ActiveCfg = Release|Any CPU
		{989761D3-B760-46FB-B673-238706F5F1C6}.Release|Any CPU.Build.0 = Release|Any CPU
		{9717B773-9359-401E-B864-4E1B158DA057}.Debug|Any CPU.ActiveCfg = Debug|Any CPU
		{9717B773-9359-401E-B864-4E1B158DA057}.Debug|Any CPU.Build.0 = Debug|Any CPU
		{9717B773-9359-401E-B864-4E1B158DA057}.Release|Any CPU.ActiveCfg = Release|Any CPU
		{9717B773-9359-401E-B864-4E1B158DA057}.Release|Any CPU.Build.0 = Release|Any CPU
		{08AF78D4-4B50-4CFD-842A-CE9BFD4ECBB8}.Debug|Any CPU.ActiveCfg = Debug|Any CPU
		{08AF78D4-4B50-4CFD-842A-CE9BFD4ECBB8}.Debug|Any CPU.Build.0 = Debug|Any CPU
		{08AF78D4-4B50-4CFD-842A-CE9BFD4ECBB8}.Release|Any CPU.ActiveCfg = Release|Any CPU
		{08AF78D4-4B50-4CFD-842A-CE9BFD4ECBB8}.Release|Any CPU.Build.0 = Release|Any CPU
		{C1D50BEA-C781-4D93-B62A-1AEE2BBC6294}.Debug|Any CPU.ActiveCfg = Debug|Any CPU
		{C1D50BEA-C781-4D93-B62A-1AEE2BBC6294}.Debug|Any CPU.Build.0 = Debug|Any CPU
		{C1D50BEA-C781-4D93-B62A-1AEE2BBC6294}.Release|Any CPU.ActiveCfg = Release|Any CPU
		{C1D50BEA-C781-4D93-B62A-1AEE2BBC6294}.Release|Any CPU.Build.0 = Release|Any CPU
	EndGlobalSection
	GlobalSection(SolutionProperties) = preSolution
		HideSolutionNode = FALSE
	EndGlobalSection
	GlobalSection(ExtensibilityGlobals) = postSolution
		SolutionGuid = {C5222192-F2CA-4EA2-86AD-4C4B1AD0E3D6}
	EndGlobalSection
EndGlobal
